PODS:
  - Alamofire (4.3.0)
  - Nuke (4.1.2)
  - Nuke-Alamofire-Plugin (1.0.1):
    - Alamofire (~> 4.0)
    - Nuke (~> 4.0)
  - Realm (2.5.1):
    - Realm/Headers (= 2.5.1)
  - Realm/Headers (2.5.1)
  - RealmSwift (2.5.1):
    - Realm (= 2.5.1)
  - RxCocoa (3.4.0):
    - RxSwift (~> 3.4)
  - RxSwift (3.4.0)

DEPENDENCIES:
  - Alamofire
  - Nuke
  - Nuke-Alamofire-Plugin
  - RealmSwift
  - RxCocoa
  - RxSwift

SPEC CHECKSUMS:
  Alamofire: 856a113053a7bc9cbe5d6367a555d773fc5cfef7
  Nuke: 7cfd2acdf90c36f66e6ea40795bac0d851a9afe0
  Nuke-Alamofire-Plugin: 4832f6786825e3d0d528757828b48c82e6e85225
  Realm: 32f86104d37c8521f864d4274050b38ba6190733
  RealmSwift: f719e7511c902b8908593e8f143f59e47931bdb6
  RxCocoa: d14ef6b6029e1ddc6e966508c09289090de68ff9
  RxSwift: 3789a1af753002a14edecdb698a2424624296a9c

PODFILE CHECKSUM: 8f8575b2dbb51cfec43c0c0a8006e2852b800f96

COCOAPODS: 1.2.0
